
Microsoft Visual Studio Solution File, Format Version 12.00
# Visual Studio Version 16
VisualStudioVersion = 16.0.31321.278
MinimumVisualStudioVersion = 10.0.40219.1
Project("{FAE04EC0-301F-11D3-BF4B-00C04F79EFBC}") = "CustomerWebApi", "CustomerWebApi\CustomerWebApi.csproj", "{D09D9EB9-134E-449B-98A1-5C8120B1273E}"
EndProject
Global
	GlobalSection(SolutionConfigurationPlatforms) = preSolution
		Debug|Any CPU = Debug|Any CPU
		Release|Any CPU = Release|Any CPU
	EndGlobalSection
	GlobalSection(ProjectConfigurationPlatforms) = postSolution
		{D09D9EB9-134E-449B-98A1-5C8120B1273E}.Debug|Any CPU.ActiveCfg = Debug|Any CPU
		{D09D9EB9-134E-449B-98A1-5C8120B1273E}.Debug|Any CPU.Build.0 = Debug|Any CPU
		{D09D9EB9-134E-449B-98A1-5C8120B1273E}.Release|Any CPU.ActiveCfg = Release|Any CPU
		{D09D9EB9-134E-449B-98A1-5C8120B1273E}.Release|Any CPU.Build.0 = Release|Any CPU
	EndGlobalSection
	GlobalSection(SolutionProperties) = preSolution
		HideSolutionNode = FALSE
	EndGlobalSection
	GlobalSection(ExtensibilityGlobals) = postSolution
		SolutionGuid = {3F66BF9E-46FE-433B-B228-AEBDED1426F1}
	EndGlobalSection
EndGlobal
